
Microsoft Visual Studio Solution File, Format Version 12.00
# Visual Studio Version 16
VisualStudioVersion = 16.0.29709.97
MinimumVisualStudioVersion = 10.0.40219.1
Project("{FAE04EC0-301F-11D3-BF4B-00C04F79EFBC}") = "TutorialSubirArchivos", "TutorialSubirArchivos\TutorialSubirArchivos.csproj", "{1B84FB61-D4C3-4C59-8664-10DA56A0A1AD}"
EndProject
Global
	GlobalSection(SolutionConfigurationPlatforms) = preSolution
		Debug|Any CPU = Debug|Any CPU
		Release|Any CPU = Release|Any CPU
	EndGlobalSection
	GlobalSection(ProjectConfigurationPlatforms) = postSolution
		{1B84FB61-D4C3-4C59-8664-10DA56A0A1AD}.Debug|Any CPU.ActiveCfg = Debug|Any CPU
		{1B84FB61-D4C3-4C59-8664-10DA56A0A1AD}.Debug|Any CPU.Build.0 = Debug|Any CPU
		{1B84FB61-D4C3-4C59-8664-10DA56A0A1AD}.Release|Any CPU.ActiveCfg = Release|Any CPU
		{1B84FB61-D4C3-4C59-8664-10DA56A0A1AD}.Release|Any CPU.Build.0 = Release|Any CPU
	EndGlobalSection
	GlobalSection(SolutionProperties) = preSolution
		HideSolutionNode = FALSE
	EndGlobalSection
	GlobalSection(ExtensibilityGlobals) = postSolution
		SolutionGuid = {C02F13FC-AE5B-499C-B5E7-5E3816290724}
	EndGlobalSection
EndGlobal
